
Microsoft Visual Studio Solution File, Format Version 12.00
# Visual Studio Version 17
VisualStudioVersion = 17.0.32126.317
MinimumVisualStudioVersion = 10.0.40219.1
Project("{FAE04EC0-301F-11D3-BF4B-00C04F79EFBC}") = "ProductLibrary", "ProductLibrary\ProductLibrary.csproj", "{1AD9AA53-7B08-45C8-8799-5C16CF5E2B28}"
EndProject
Global
	GlobalSection(SolutionConfigurationPlatforms) = preSolution
		Debug|Any CPU = Debug|Any CPU
		Release|Any CPU = Release|Any CPU
	EndGlobalSection
	GlobalSection(ProjectConfigurationPlatforms) = postSolution
		{1AD9AA53-7B08-45C8-8799-5C16CF5E2B28}.Debug|Any CPU.ActiveCfg = Debug|Any CPU
		{1AD9AA53-7B08-45C8-8799-5C16CF5E2B28}.Debug|Any CPU.Build.0 = Debug|Any CPU
		{1AD9AA53-7B08-45C8-8799-5C16CF5E2B28}.Release|Any CPU.ActiveCfg = Release|Any CPU
		{1AD9AA53-7B08-45C8-8799-5C16CF5E2B28}.Release|Any CPU.Build.0 = Release|Any CPU
	EndGlobalSection
	GlobalSection(SolutionProperties) = preSolution
		HideSolutionNode = FALSE
	EndGlobalSection
	GlobalSection(ExtensibilityGlobals) = postSolution
		SolutionGuid = {3C1A8C45-0D4E-414E-A108-2810DE97C553}
	EndGlobalSection
EndGlobal
